
Microsoft Visual Studio Solution File, Format Version 12.00
# Visual Studio Version 17
VisualStudioVersion = 17.13.35828.75 d17.13
MinimumVisualStudioVersion = 10.0.40219.1
Project("{FAE04EC0-301F-11D3-BF4B-00C04F79EFBC}") = "GaiaApi", "GaiaApi\GaiaApi.csproj", "{8E571E86-B72F-9019-FA95-52CE836E7A67}"
EndProject
Project("{FAE04EC0-301F-11D3-BF4B-00C04F79EFBC}") = "Web", "GaiaWeb\Web.csproj", "{B6C7E302-9427-B780-0657-9621A199ADBA}"
EndProject
Global
	GlobalSection(SolutionConfigurationPlatforms) = preSolution
		Debug|Any CPU = Debug|Any CPU
		Release|Any CPU = Release|Any CPU
	EndGlobalSection
	GlobalSection(ProjectConfigurationPlatforms) = postSolution
		{8E571E86-B72F-9019-FA95-52CE836E7A67}.Debug|Any CPU.ActiveCfg = Debug|Any CPU
		{8E571E86-B72F-9019-FA95-52CE836E7A67}.Debug|Any CPU.Build.0 = Debug|Any CPU
		{8E571E86-B72F-9019-FA95-52CE836E7A67}.Release|Any CPU.ActiveCfg = Release|Any CPU
		{8E571E86-B72F-9019-FA95-52CE836E7A67}.Release|Any CPU.Build.0 = Release|Any CPU
		{B6C7E302-9427-B780-0657-9621A199ADBA}.Debug|Any CPU.ActiveCfg = Debug|Any CPU
		{B6C7E302-9427-B780-0657-9621A199ADBA}.Debug|Any CPU.Build.0 = Debug|Any CPU
		{B6C7E302-9427-B780-0657-9621A199ADBA}.Release|Any CPU.ActiveCfg = Release|Any CPU
		{B6C7E302-9427-B780-0657-9621A199ADBA}.Release|Any CPU.Build.0 = Release|Any CPU
	EndGlobalSection
	GlobalSection(SolutionProperties) = preSolution
		HideSolutionNode = FALSE
	EndGlobalSection
	GlobalSection(ExtensibilityGlobals) = postSolution
		SolutionGuid = {ACEF4FA8-3324-4D7A-9F16-F69D61DDD242}
	EndGlobalSection
EndGlobal
